
Microsoft Visual Studio Solution File, Format Version 12.00
# Visual Studio 14
VisualStudioVersion = 14.0.23107.0
MinimumVisualStudioVersion = 10.0.40219.1
Project("{FAE04EC0-301F-11D3-BF4B-00C04F79EFBC}") = "GameMath", "GameMath\GameMath.csproj", "{745321F8-D2E5-400B-993C-59B310F45010}"
EndProject
Project("{FAE04EC0-301F-11D3-BF4B-00C04F79EFBC}") = "GameMath.Tests", "GameMath.Tests\GameMath.Tests.csproj", "{BA64B887-FFBC-4184-B641-4DB202B68B08}"
EndProject
Global
	GlobalSection(SolutionConfigurationPlatforms) = preSolution
		Debug|Any CPU = Debug|Any CPU
		Release|Any CPU = Release|Any CPU
	EndGlobalSection
	GlobalSection(ProjectConfigurationPlatforms) = postSolution
		{745321F8-D2E5-400B-993C-59B310F45010}.Debug|Any CPU.ActiveCfg = Debug|Any CPU
		{745321F8-D2E5-400B-993C-59B310F45010}.Debug|Any CPU.Build.0 = Debug|Any CPU
		{745321F8-D2E5-400B-993C-59B310F45010}.Release|Any CPU.ActiveCfg = Release|Any CPU
		{745321F8-D2E5-400B-993C-59B310F45010}.Release|Any CPU.Build.0 = Release|Any CPU
		{BA64B887-FFBC-4184-B641-4DB202B68B08}.Debug|Any CPU.ActiveCfg = Debug|Any CPU
		{BA64B887-FFBC-4184-B641-4DB202B68B08}.Debug|Any CPU.Build.0 = Debug|Any CPU
		{BA64B887-FFBC-4184-B641-4DB202B68B08}.Release|Any CPU.ActiveCfg = Release|Any CPU
		{BA64B887-FFBC-4184-B641-4DB202B68B08}.Release|Any CPU.Build.0 = Release|Any CPU
	EndGlobalSection
	GlobalSection(SolutionProperties) = preSolution
		HideSolutionNode = FALSE
	EndGlobalSection
EndGlobal
